
Microsoft Visual Studio Solution File, Format Version 12.00
# Visual Studio Version 17
VisualStudioVersion = 17.14.36401.2 d17.14
MinimumVisualStudioVersion = 10.0.40219.1
Project("{FAE04EC0-301F-11D3-BF4B-00C04F79EFBC}") = "DaynameckList", "DaynameckList\DaynameckList.csproj", "{9E21074F-C33C-441E-80BB-E2C46C47E8CD}"
EndProject
Global
	GlobalSection(SolutionConfigurationPlatforms) = preSolution
		Debug|Any CPU = Debug|Any CPU
		Release|Any CPU = Release|Any CPU
	EndGlobalSection
	GlobalSection(ProjectConfigurationPlatforms) = postSolution
		{9E21074F-C33C-441E-80BB-E2C46C47E8CD}.Debug|Any CPU.ActiveCfg = Debug|Any CPU
		{9E21074F-C33C-441E-80BB-E2C46C47E8CD}.Debug|Any CPU.Build.0 = Debug|Any CPU
		{9E21074F-C33C-441E-80BB-E2C46C47E8CD}.Release|Any CPU.ActiveCfg = Release|Any CPU
		{9E21074F-C33C-441E-80BB-E2C46C47E8CD}.Release|Any CPU.Build.0 = Release|Any CPU
	EndGlobalSection
	GlobalSection(SolutionProperties) = preSolution
		HideSolutionNode = FALSE
	EndGlobalSection
	GlobalSection(ExtensibilityGlobals) = postSolution
		SolutionGuid = {E0FAAB99-BACB-4010-837A-109A780ABC31}
	EndGlobalSection
EndGlobal
